
Microsoft Visual Studio Solution File, Format Version 12.00
# Visual Studio Version 16
VisualStudioVersion = 16.0.30413.136
MinimumVisualStudioVersion = 10.0.40219.1
Project("{FAE04EC0-301F-11D3-BF4B-00C04F79EFBC}") = "GeomFigure", "GeomFigure\GeomFigure.csproj", "{762942AD-49E6-4C19-8DFB-5E94C80A4A8E}"
	ProjectSection(ProjectDependencies) = postProject
		{F6A2E460-06E8-41A3-94CF-B7A669AF1AD5} = {F6A2E460-06E8-41A3-94CF-B7A669AF1AD5}
	EndProjectSection
EndProject
Project("{FAE04EC0-301F-11D3-BF4B-00C04F79EFBC}") = "MyLib", "MyLib\MyLib.csproj", "{F6A2E460-06E8-41A3-94CF-B7A669AF1AD5}"
EndProject
Project("{FAE04EC0-301F-11D3-BF4B-00C04F79EFBC}") = "UnitTestProject1", "UnitTestProject1\UnitTestProject1.csproj", "{94579061-9B5B-42A5-AA37-FA8D7D3BEA6B}"
EndProject
Global
	GlobalSection(SolutionConfigurationPlatforms) = preSolution
		Debug|Any CPU = Debug|Any CPU
		Debug|ARM = Debug|ARM
		Debug|ARM64 = Debug|ARM64
		Debug|x64 = Debug|x64
		Debug|x86 = Debug|x86
		Release|Any CPU = Release|Any CPU
		Release|ARM = Release|ARM
		Release|ARM64 = Release|ARM64
		Release|x64 = Release|x64
		Release|x86 = Release|x86
	EndGlobalSection
	GlobalSection(ProjectConfigurationPlatforms) = postSolution
		{762942AD-49E6-4C19-8DFB-5E94C80A4A8E}.Debug|Any CPU.ActiveCfg = Debug|Any CPU
		{762942AD-49E6-4C19-8DFB-5E94C80A4A8E}.Debug|Any CPU.Build.0 = Debug|Any CPU
		{762942AD-49E6-4C19-8DFB-5E94C80A4A8E}.Debug|ARM.ActiveCfg = Debug|Any CPU
		{762942AD-49E6-4C19-8DFB-5E94C80A4A8E}.Debug|ARM.Build.0 = Debug|Any CPU
		{762942AD-49E6-4C19-8DFB-5E94C80A4A8E}.Debug|ARM64.ActiveCfg = Debug|Any CPU
		{762942AD-49E6-4C19-8DFB-5E94C80A4A8E}.Debug|ARM64.Build.0 = Debug|Any CPU
		{762942AD-49E6-4C19-8DFB-5E94C80A4A8E}.Debug|x64.ActiveCfg = Debug|Any CPU
		{762942AD-49E6-4C19-8DFB-5E94C80A4A8E}.Debug|x64.Build.0 = Debug|Any CPU
		{762942AD-49E6-4C19-8DFB-5E94C80A4A8E}.Debug|x86.ActiveCfg = Debug|Any CPU
		{762942AD-49E6-4C19-8DFB-5E94C80A4A8E}.Debug|x86.Build.0 = Debug|Any CPU
		{762942AD-49E6-4C19-8DFB-5E94C80A4A8E}.Release|Any CPU.ActiveCfg = Release|Any CPU
		{762942AD-49E6-4C19-8DFB-5E94C80A4A8E}.Release|Any CPU.Build.0 = Release|Any CPU
		{762942AD-49E6-4C19-8DFB-5E94C80A4A8E}.Release|ARM.ActiveCfg = Release|Any CPU
		{762942AD-49E6-4C19-8DFB-5E94C80A4A8E}.Release|ARM.Build.0 = Release|Any CPU
		{762942AD-49E6-4C19-8DFB-5E94C80A4A8E}.Release|ARM64.ActiveCfg = Release|Any CPU
		{762942AD-49E6-4C19-8DFB-5E94C80A4A8E}.Release|ARM64.Build.0 = Release|Any CPU
		{762942AD-49E6-4C19-8DFB-5E94C80A4A8E}.Release|x64.ActiveCfg = Release|Any CPU
		{762942AD-49E6-4C19-8DFB-5E94C80A4A8E}.Release|x64.Build.0 = Release|Any CPU
		{762942AD-49E6-4C19-8DFB-5E94C80A4A8E}.Release|x86.ActiveCfg = Release|Any CPU
		{762942AD-49E6-4C19-8DFB-5E94C80A4A8E}.Release|x86.Build.0 = Release|Any CPU
		{F6A2E460-06E8-41A3-94CF-B7A669AF1AD5}.Debug|Any CPU.ActiveCfg = Debug|Any CPU
		{F6A2E460-06E8-41A3-94CF-B7A669AF1AD5}.Debug|Any CPU.Build.0 = Debug|Any CPU
		{F6A2E460-06E8-41A3-94CF-B7A669AF1AD5}.Debug|ARM.ActiveCfg = Debug|Any CPU
		{F6A2E460-06E8-41A3-94CF-B7A669AF1AD5}.Debug|ARM.Build.0 = Debug|Any CPU
		{F6A2E460-06E8-41A3-94CF-B7A669AF1AD5}.Debug|ARM64.ActiveCfg = Debug|Any CPU
		{F6A2E460-06E8-41A3-94CF-B7A669AF1AD5}.Debug|ARM64.Build.0 = Debug|Any CPU
		{F6A2E460-06E8-41A3-94CF-B7A669AF1AD5}.Debug|x64.ActiveCfg = Debug|Any CPU
		{F6A2E460-06E8-41A3-94CF-B7A669AF1AD5}.Debug|x64.Build.0 = Debug|Any CPU
		{F6A2E460-06E8-41A3-94CF-B7A669AF1AD5}.Debug|x86.ActiveCfg = Debug|Any CPU
		{F6A2E460-06E8-41A3-94CF-B7A669AF1AD5}.Debug|x86.Build.0 = Debug|Any CPU
		{F6A2E460-06E8-41A3-94CF-B7A669AF1AD5}.Release|Any CPU.ActiveCfg = Release|Any CPU
		{F6A2E460-06E8-41A3-94CF-B7A669AF1AD5}.Release|Any CPU.Build.0 = Release|Any CPU
		{F6A2E460-06E8-41A3-94CF-B7A669AF1AD5}.Release|ARM.ActiveCfg = Release|Any CPU
		{F6A2E460-06E8-41A3-94CF-B7A669AF1AD5}.Release|ARM.Build.0 = Release|Any CPU
		{F6A2E460-06E8-41A3-94CF-B7A669AF1AD5}.Release|ARM64.ActiveCfg = Release|Any CPU
		{F6A2E460-06E8-41A3-94CF-B7A669AF1AD5}.Release|ARM64.Build.0 = Release|Any CPU
		{F6A2E460-06E8-41A3-94CF-B7A669AF1AD5}.Release|x64.ActiveCfg = Release|Any CPU
		{F6A2E460-06E8-41A3-94CF-B7A669AF1AD5}.Release|x64.Build.0 = Release|Any CPU
		{F6A2E460-06E8-41A3-94CF-B7A669AF1AD5}.Release|x86.ActiveCfg = Release|Any CPU
		{F6A2E460-06E8-41A3-94CF-B7A669AF1AD5}.Release|x86.Build.0 = Release|Any CPU
		{94579061-9B5B-42A5-AA37-FA8D7D3BEA6B}.Debug|Any CPU.ActiveCfg = Debug|Any CPU
		{94579061-9B5B-42A5-AA37-FA8D7D3BEA6B}.Debug|Any CPU.Build.0 = Debug|Any CPU
		{94579061-9B5B-42A5-AA37-FA8D7D3BEA6B}.Debug|ARM.ActiveCfg = Debug|Any CPU
		{94579061-9B5B-42A5-AA37-FA8D7D3BEA6B}.Debug|ARM.Build.0 = Debug|Any CPU
		{94579061-9B5B-42A5-AA37-FA8D7D3BEA6B}.Debug|ARM64.ActiveCfg = Debug|Any CPU
		{94579061-9B5B-42A5-AA37-FA8D7D3BEA6B}.Debug|ARM64.Build.0 = Debug|Any CPU
		{94579061-9B5B-42A5-AA37-FA8D7D3BEA6B}.Debug|x64.ActiveCfg = Debug|Any CPU
		{94579061-9B5B-42A5-AA37-FA8D7D3BEA6B}.Debug|x64.Build.0 = Debug|Any CPU
		{94579061-9B5B-42A5-AA37-FA8D7D3BEA6B}.Debug|x86.ActiveCfg = Debug|Any CPU
		{94579061-9B5B-42A5-AA37-FA8D7D3BEA6B}.Debug|x86.Build.0 = Debug|Any CPU
		{94579061-9B5B-42A5-AA37-FA8D7D3BEA6B}.Release|Any CPU.ActiveCfg = Release|Any CPU
		{94579061-9B5B-42A5-AA37-FA8D7D3BEA6B}.Release|Any CPU.Build.0 = Release|Any CPU
		{94579061-9B5B-42A5-AA37-FA8D7D3BEA6B}.Release|ARM.ActiveCfg = Release|Any CPU
		{94579061-9B5B-42A5-AA37-FA8D7D3BEA6B}.Release|ARM.Build.0 = Release|Any CPU
		{94579061-9B5B-42A5-AA37-FA8D7D3BEA6B}.Release|ARM64.ActiveCfg = Release|Any CPU
		{94579061-9B5B-42A5-AA37-FA8D7D3BEA6B}.Release|ARM64.Build.0 = Release|Any CPU
		{94579061-9B5B-42A5-AA37-FA8D7D3BEA6B}.Release|x64.ActiveCfg = Release|Any CPU
		{94579061-9B5B-42A5-AA37-FA8D7D3BEA6B}.Release|x64.Build.0 = Release|Any CPU
		{94579061-9B5B-42A5-AA37-FA8D7D3BEA6B}.Release|x86.ActiveCfg = Release|Any CPU
		{94579061-9B5B-42A5-AA37-FA8D7D3BEA6B}.Release|x86.Build.0 = Release|Any CPU
	EndGlobalSection
	GlobalSection(SolutionProperties) = preSolution
		HideSolutionNode = FALSE
	EndGlobalSection
	GlobalSection(ExtensibilityGlobals) = postSolution
		SolutionGuid = {4D2F7B77-6CBD-4F86-ACB1-B98355E7B1CF}
	EndGlobalSection
EndGlobal
