
Microsoft Visual Studio Solution File, Format Version 12.00
# Visual Studio Version 16
VisualStudioVersion = 16.0.30413.136
MinimumVisualStudioVersion = 10.0.40219.1
Project("{FAE04EC0-301F-11D3-BF4B-00C04F79EFBC}") = "GeomFigure", "GeomFigure\GeomFigure.csproj", "{762942AD-49E6-4C19-8DFB-5E94C80A4A8E}"
	ProjectSection(ProjectDependencies) = postProject
		{F6A2E460-06E8-41A3-94CF-B7A669AF1AD5} = {F6A2E460-06E8-41A3-94CF-B7A669AF1AD5}
	EndProjectSection
EndProject
Project("{FAE04EC0-301F-11D3-BF4B-00C04F79EFBC}") = "MyLib", "MyLib\MyLib.csproj", "{F6A2E460-06E8-41A3-94CF-B7A669AF1AD5}"
EndProject
Project("{FAE04EC0-301F-11D3-BF4B-00C04F79EFBC}") = "MyLibTests", "MyLibTests\MyLibTests.csproj", "{E07213D0-0AE6-4B2A-AEED-10D355D8BECC}"
EndProject
Project("{FAE04EC0-301F-11D3-BF4B-00C04F79EFBC}") = "MyLibTests1", "MyLibTests1\MyLibTests1.csproj", "{9BF96712-5B0F-4BF2-8F43-51CBBD412777}"
EndProject
Project("{FAE04EC0-301F-11D3-BF4B-00C04F79EFBC}") = "MyLibTests2", "MyLibTests2\MyLibTests2.csproj", "{2D2DB01C-F2F4-42DB-BD1C-7B0E5FDB3777}"
EndProject
Global
	GlobalSection(SolutionConfigurationPlatforms) = preSolution
		Debug|Any CPU = Debug|Any CPU
		Release|Any CPU = Release|Any CPU
	EndGlobalSection
	GlobalSection(ProjectConfigurationPlatforms) = postSolution
		{762942AD-49E6-4C19-8DFB-5E94C80A4A8E}.Debug|Any CPU.ActiveCfg = Debug|Any CPU
		{762942AD-49E6-4C19-8DFB-5E94C80A4A8E}.Debug|Any CPU.Build.0 = Debug|Any CPU
		{762942AD-49E6-4C19-8DFB-5E94C80A4A8E}.Release|Any CPU.ActiveCfg = Release|Any CPU
		{762942AD-49E6-4C19-8DFB-5E94C80A4A8E}.Release|Any CPU.Build.0 = Release|Any CPU
		{F6A2E460-06E8-41A3-94CF-B7A669AF1AD5}.Debug|Any CPU.ActiveCfg = Debug|Any CPU
		{F6A2E460-06E8-41A3-94CF-B7A669AF1AD5}.Debug|Any CPU.Build.0 = Debug|Any CPU
		{F6A2E460-06E8-41A3-94CF-B7A669AF1AD5}.Release|Any CPU.ActiveCfg = Release|Any CPU
		{F6A2E460-06E8-41A3-94CF-B7A669AF1AD5}.Release|Any CPU.Build.0 = Release|Any CPU
		{E07213D0-0AE6-4B2A-AEED-10D355D8BECC}.Debug|Any CPU.ActiveCfg = Debug|Any CPU
		{E07213D0-0AE6-4B2A-AEED-10D355D8BECC}.Debug|Any CPU.Build.0 = Debug|Any CPU
		{E07213D0-0AE6-4B2A-AEED-10D355D8BECC}.Release|Any CPU.ActiveCfg = Release|Any CPU
		{E07213D0-0AE6-4B2A-AEED-10D355D8BECC}.Release|Any CPU.Build.0 = Release|Any CPU
		{9BF96712-5B0F-4BF2-8F43-51CBBD412777}.Debug|Any CPU.ActiveCfg = Debug|Any CPU
		{9BF96712-5B0F-4BF2-8F43-51CBBD412777}.Debug|Any CPU.Build.0 = Debug|Any CPU
		{9BF96712-5B0F-4BF2-8F43-51CBBD412777}.Release|Any CPU.ActiveCfg = Release|Any CPU
		{9BF96712-5B0F-4BF2-8F43-51CBBD412777}.Release|Any CPU.Build.0 = Release|Any CPU
		{2D2DB01C-F2F4-42DB-BD1C-7B0E5FDB3777}.Debug|Any CPU.ActiveCfg = Debug|Any CPU
		{2D2DB01C-F2F4-42DB-BD1C-7B0E5FDB3777}.Debug|Any CPU.Build.0 = Debug|Any CPU
		{2D2DB01C-F2F4-42DB-BD1C-7B0E5FDB3777}.Release|Any CPU.ActiveCfg = Release|Any CPU
		{2D2DB01C-F2F4-42DB-BD1C-7B0E5FDB3777}.Release|Any CPU.Build.0 = Release|Any CPU
	EndGlobalSection
	GlobalSection(SolutionProperties) = preSolution
		HideSolutionNode = FALSE
	EndGlobalSection
	GlobalSection(ExtensibilityGlobals) = postSolution
		SolutionGuid = {4D2F7B77-6CBD-4F86-ACB1-B98355E7B1CF}
	EndGlobalSection
EndGlobal
